
Microsoft Visual Studio Solution File, Format Version 12.00
# Visual Studio 15
VisualStudioVersion = 15.0.28010.2036
MinimumVisualStudioVersion = 10.0.40219.1
Project("{FAE04EC0-301F-11D3-BF4B-00C04F79EFBC}") = "CFAParserCode", "CFAParserCode\CFAParserCode.csproj", "{EDE6EAB2-0B3E-474E-83E8-2A181BF329AD}"
EndProject
Project("{FAE04EC0-301F-11D3-BF4B-00C04F79EFBC}") = "CFAParserCode.Tests", "CFAParserCode.Tests\CFAParserCode.Tests.csproj", "{FE91125E-510F-48B3-8881-C33F566DCBAC}"
EndProject
Project("{FAE04EC0-301F-11D3-BF4B-00C04F79EFBC}") = "CFAParserCodeServices", "CFAParserCodeServices\CFAParserCodeServices.csproj", "{F3906EE8-C7A1-4B64-B6DA-3F1824D00442}"
EndProject
Project("{FAE04EC0-301F-11D3-BF4B-00C04F79EFBC}") = "CFAParserCodeEntities", "CFAParserCodeEntities\CFAParserCodeEntities.csproj", "{1E8D4461-7FBA-4244-BEFD-0645A4FB39F5}"
EndProject
Global
	GlobalSection(SolutionConfigurationPlatforms) = preSolution
		Debug|Any CPU = Debug|Any CPU
		Release|Any CPU = Release|Any CPU
	EndGlobalSection
	GlobalSection(ProjectConfigurationPlatforms) = postSolution
		{EDE6EAB2-0B3E-474E-83E8-2A181BF329AD}.Debug|Any CPU.ActiveCfg = Debug|Any CPU
		{EDE6EAB2-0B3E-474E-83E8-2A181BF329AD}.Debug|Any CPU.Build.0 = Debug|Any CPU
		{EDE6EAB2-0B3E-474E-83E8-2A181BF329AD}.Release|Any CPU.ActiveCfg = Release|Any CPU
		{EDE6EAB2-0B3E-474E-83E8-2A181BF329AD}.Release|Any CPU.Build.0 = Release|Any CPU
		{FE91125E-510F-48B3-8881-C33F566DCBAC}.Debug|Any CPU.ActiveCfg = Debug|Any CPU
		{FE91125E-510F-48B3-8881-C33F566DCBAC}.Debug|Any CPU.Build.0 = Debug|Any CPU
		{FE91125E-510F-48B3-8881-C33F566DCBAC}.Release|Any CPU.ActiveCfg = Release|Any CPU
		{FE91125E-510F-48B3-8881-C33F566DCBAC}.Release|Any CPU.Build.0 = Release|Any CPU
		{F3906EE8-C7A1-4B64-B6DA-3F1824D00442}.Debug|Any CPU.ActiveCfg = Debug|Any CPU
		{F3906EE8-C7A1-4B64-B6DA-3F1824D00442}.Debug|Any CPU.Build.0 = Debug|Any CPU
		{F3906EE8-C7A1-4B64-B6DA-3F1824D00442}.Release|Any CPU.ActiveCfg = Release|Any CPU
		{F3906EE8-C7A1-4B64-B6DA-3F1824D00442}.Release|Any CPU.Build.0 = Release|Any CPU
		{1E8D4461-7FBA-4244-BEFD-0645A4FB39F5}.Debug|Any CPU.ActiveCfg = Debug|Any CPU
		{1E8D4461-7FBA-4244-BEFD-0645A4FB39F5}.Debug|Any CPU.Build.0 = Debug|Any CPU
		{1E8D4461-7FBA-4244-BEFD-0645A4FB39F5}.Release|Any CPU.ActiveCfg = Release|Any CPU
		{1E8D4461-7FBA-4244-BEFD-0645A4FB39F5}.Release|Any CPU.Build.0 = Release|Any CPU
	EndGlobalSection
	GlobalSection(SolutionProperties) = preSolution
		HideSolutionNode = FALSE
	EndGlobalSection
	GlobalSection(ExtensibilityGlobals) = postSolution
		SolutionGuid = {1483335C-7C7F-4B82-89E3-4DF4057B206E}
	EndGlobalSection
EndGlobal
